
Microsoft Visual Studio Solution File, Format Version 12.00
# Visual Studio Version 16
VisualStudioVersion = 16.0.810.11
MinimumVisualStudioVersion = 10.0.40219.1
Project("{FAE04EC0-301F-11D3-BF4B-00C04F79EFBC}") = "NugetPackage-CriptQuery", "NugetPackage-CriptQuery\NugetPackage-CriptQuery.csproj", "{A933CB47-2D5D-4B39-AF9A-821A591D7272}"
EndProject
Global
	GlobalSection(SolutionConfigurationPlatforms) = preSolution
		Debug|Any CPU = Debug|Any CPU
		Release|Any CPU = Release|Any CPU
	EndGlobalSection
	GlobalSection(ProjectConfigurationPlatforms) = postSolution
		{A933CB47-2D5D-4B39-AF9A-821A591D7272}.Debug|Any CPU.ActiveCfg = Debug|Any CPU
		{A933CB47-2D5D-4B39-AF9A-821A591D7272}.Debug|Any CPU.Build.0 = Debug|Any CPU
		{A933CB47-2D5D-4B39-AF9A-821A591D7272}.Release|Any CPU.ActiveCfg = Release|Any CPU
		{A933CB47-2D5D-4B39-AF9A-821A591D7272}.Release|Any CPU.Build.0 = Release|Any CPU
	EndGlobalSection
	GlobalSection(SolutionProperties) = preSolution
		HideSolutionNode = FALSE
	EndGlobalSection
	GlobalSection(ExtensibilityGlobals) = postSolution
		SolutionGuid = {75BD8996-4932-4D52-8702-2AFC7F1F6B60}
	EndGlobalSection
EndGlobal
